
Microsoft Visual Studio Solution File, Format Version 12.00
# Visual Studio Version 16
VisualStudioVersion = 16.0.33801.447
MinimumVisualStudioVersion = 10.0.40219.1
Project("{FAE04EC0-301F-11D3-BF4B-00C04F79EFBC}") = "BUC_Prictice_1", "BUC_Prictice_1\BUC_Prictice_1.csproj", "{D8D1ABAD-42E9-45AC-BE6F-0DCF309A6F32}"
EndProject
Global
	GlobalSection(SolutionConfigurationPlatforms) = preSolution
		Debug|Any CPU = Debug|Any CPU
		Release|Any CPU = Release|Any CPU
	EndGlobalSection
	GlobalSection(ProjectConfigurationPlatforms) = postSolution
		{D8D1ABAD-42E9-45AC-BE6F-0DCF309A6F32}.Debug|Any CPU.ActiveCfg = Debug|Any CPU
		{D8D1ABAD-42E9-45AC-BE6F-0DCF309A6F32}.Debug|Any CPU.Build.0 = Debug|Any CPU
		{D8D1ABAD-42E9-45AC-BE6F-0DCF309A6F32}.Release|Any CPU.ActiveCfg = Release|Any CPU
		{D8D1ABAD-42E9-45AC-BE6F-0DCF309A6F32}.Release|Any CPU.Build.0 = Release|Any CPU
	EndGlobalSection
	GlobalSection(SolutionProperties) = preSolution
		HideSolutionNode = FALSE
	EndGlobalSection
	GlobalSection(ExtensibilityGlobals) = postSolution
		SolutionGuid = {011CA1FC-9604-4150-AEF8-FFB9EDDEF1D8}
	EndGlobalSection
EndGlobal
